
Microsoft Visual Studio Solution File, Format Version 12.00
# Visual Studio 14
VisualStudioVersion = 14.0.25123.0
MinimumVisualStudioVersion = 10.0.40219.1
Project("{FAE04EC0-301F-11D3-BF4B-00C04F79EFBC}") = "HumaneSociety", "HumaneSociety\HumaneSociety.csproj", "{B46883E3-807C-4ABC-BD29-1241280649E4}"
EndProject
Project("{2150E333-8FDC-42A3-9474-1A3956D46DE8}") = "Solution Items", "Solution Items", "{915F1FA7-8A0C-437D-BC9E-B9C42091FB9C}"
	ProjectSection(SolutionItems) = preProject
		DOG VACCINATIONS.doc = DOG VACCINATIONS.doc
		Notes.txt = Notes.txt
	EndProjectSection
EndProject
Project("{F088123C-0E9E-452A-89E6-6BA2F21D5CAC}") = "ModelingProject1", "ModelingProject1\ModelingProject1.modelproj", "{E8CEDCAA-A55F-4C4E-B108-0DD6AF19BC81}"
EndProject
Global
	GlobalSection(SolutionConfigurationPlatforms) = preSolution
		Debug|Any CPU = Debug|Any CPU
		Release|Any CPU = Release|Any CPU
	EndGlobalSection
	GlobalSection(ProjectConfigurationPlatforms) = postSolution
		{B46883E3-807C-4ABC-BD29-1241280649E4}.Debug|Any CPU.ActiveCfg = Debug|Any CPU
		{B46883E3-807C-4ABC-BD29-1241280649E4}.Debug|Any CPU.Build.0 = Debug|Any CPU
		{B46883E3-807C-4ABC-BD29-1241280649E4}.Release|Any CPU.ActiveCfg = Release|Any CPU
		{B46883E3-807C-4ABC-BD29-1241280649E4}.Release|Any CPU.Build.0 = Release|Any CPU
		{E8CEDCAA-A55F-4C4E-B108-0DD6AF19BC81}.Debug|Any CPU.ActiveCfg = Debug|Any CPU
		{E8CEDCAA-A55F-4C4E-B108-0DD6AF19BC81}.Debug|Any CPU.Build.0 = Debug|Any CPU
		{E8CEDCAA-A55F-4C4E-B108-0DD6AF19BC81}.Release|Any CPU.ActiveCfg = Release|Any CPU
		{E8CEDCAA-A55F-4C4E-B108-0DD6AF19BC81}.Release|Any CPU.Build.0 = Release|Any CPU
	EndGlobalSection
	GlobalSection(SolutionProperties) = preSolution
		HideSolutionNode = FALSE
	EndGlobalSection
EndGlobal
